
Microsoft Visual Studio Solution File, Format Version 12.00
# Visual Studio Version 17
VisualStudioVersion = 17.12.35323.107
MinimumVisualStudioVersion = 10.0.40219.1
Project("{9A19103F-16F7-4668-BE54-9A1E7A4F7556}") = "TaniAttire", "TaniAttire.csproj", "{58932062-C789-467E-9802-93EA22D7E9E2}"
EndProject
Global
	GlobalSection(SolutionConfigurationPlatforms) = preSolution
		Debug|Any CPU = Debug|Any CPU
		Release|Any CPU = Release|Any CPU
	EndGlobalSection
	GlobalSection(ProjectConfigurationPlatforms) = postSolution
		{58932062-C789-467E-9802-93EA22D7E9E2}.Debug|Any CPU.ActiveCfg = Debug|Any CPU
		{58932062-C789-467E-9802-93EA22D7E9E2}.Debug|Any CPU.Build.0 = Debug|Any CPU
		{58932062-C789-467E-9802-93EA22D7E9E2}.Release|Any CPU.ActiveCfg = Release|Any CPU
		{58932062-C789-467E-9802-93EA22D7E9E2}.Release|Any CPU.Build.0 = Release|Any CPU
	EndGlobalSection
	GlobalSection(SolutionProperties) = preSolution
		HideSolutionNode = FALSE
	EndGlobalSection
	GlobalSection(ExtensibilityGlobals) = postSolution
		SolutionGuid = {ADF91AA0-B2A9-455C-8C8D-5860E00957F5}
	EndGlobalSection
EndGlobal
